
Microsoft Visual Studio Solution File, Format Version 12.00
# Visual Studio Version 17
VisualStudioVersion = 17.8.34322.80
MinimumVisualStudioVersion = 10.0.40219.1
Project("{9A19103F-16F7-4668-BE54-9A1E7A4F7556}") = "HelpTech", "HelpTech\HelpTech.csproj", "{14B1311E-4F32-42A2-8899-868CB6BEEA64}"
EndProject
Project("{2150E333-8FDC-42A3-9474-1A3956D46DE8}") = "02 - WebApi", "02 - WebApi", "{0D0D412D-8346-4266-A979-FF8D68D1ADE9}"
EndProject
Project("{2150E333-8FDC-42A3-9474-1A3956D46DE8}") = "01 - Presentation", "01 - Presentation", "{3D50FFA0-06A3-417D-8889-BEF5A4981390}"
EndProject
Project("{2150E333-8FDC-42A3-9474-1A3956D46DE8}") = "03 - Domain", "03 - Domain", "{F1E53EEC-805E-4573-A04B-36773820B6BE}"
EndProject
Project("{2150E333-8FDC-42A3-9474-1A3956D46DE8}") = "04 - Infra", "04 - Infra", "{E225AE2A-7286-40D6-B104-502FD6DFADBB}"
EndProject
Project("{2150E333-8FDC-42A3-9474-1A3956D46DE8}") = "04.01 - Data", "04.01 - Data", "{1E96FF94-1310-441A-903E-CF5DB6FFFBC6}"
EndProject
Project("{2150E333-8FDC-42A3-9474-1A3956D46DE8}") = "04.02 - CrossCutting", "04.02 - CrossCutting", "{4A54C8A1-95CD-44E3-9FFA-CEDA03A42C96}"
EndProject
Project("{9A19103F-16F7-4668-BE54-9A1E7A4F7556}") = "HelpTech.API", "HelpTech.API\HelpTech.API.csproj", "{CF82EB84-0B77-41A5-A5F0-124223E49A10}"
EndProject
Project("{9A19103F-16F7-4668-BE54-9A1E7A4F7556}") = "HelpTech.Domain", "HelpTech.Domain\HelpTech.Domain.csproj", "{A76E5A21-BBF9-43FA-86CA-BBBCE3F70902}"
EndProject
Project("{9A19103F-16F7-4668-BE54-9A1E7A4F7556}") = "HelpTech.Data", "HelpTech.Data\HelpTech.Data.csproj", "{F77DD473-C72E-4D7A-A142-3A73F8EED255}"
EndProject
Project("{9A19103F-16F7-4668-BE54-9A1E7A4F7556}") = "HelpTech.CrossCutting", "HelpTech.CrossCutting\HelpTech.CrossCutting.csproj", "{298AB088-D2B0-4B6E-9F20-7F53CB2A6524}"
EndProject
Global
	GlobalSection(SolutionConfigurationPlatforms) = preSolution
		Debug|Any CPU = Debug|Any CPU
		Release|Any CPU = Release|Any CPU
	EndGlobalSection
	GlobalSection(ProjectConfigurationPlatforms) = postSolution
		{14B1311E-4F32-42A2-8899-868CB6BEEA64}.Debug|Any CPU.ActiveCfg = Debug|Any CPU
		{14B1311E-4F32-42A2-8899-868CB6BEEA64}.Debug|Any CPU.Build.0 = Debug|Any CPU
		{14B1311E-4F32-42A2-8899-868CB6BEEA64}.Debug|Any CPU.Deploy.0 = Debug|Any CPU
		{14B1311E-4F32-42A2-8899-868CB6BEEA64}.Release|Any CPU.ActiveCfg = Release|Any CPU
		{14B1311E-4F32-42A2-8899-868CB6BEEA64}.Release|Any CPU.Build.0 = Release|Any CPU
		{14B1311E-4F32-42A2-8899-868CB6BEEA64}.Release|Any CPU.Deploy.0 = Release|Any CPU
		{CF82EB84-0B77-41A5-A5F0-124223E49A10}.Debug|Any CPU.ActiveCfg = Debug|Any CPU
		{CF82EB84-0B77-41A5-A5F0-124223E49A10}.Debug|Any CPU.Build.0 = Debug|Any CPU
		{CF82EB84-0B77-41A5-A5F0-124223E49A10}.Release|Any CPU.ActiveCfg = Release|Any CPU
		{CF82EB84-0B77-41A5-A5F0-124223E49A10}.Release|Any CPU.Build.0 = Release|Any CPU
		{A76E5A21-BBF9-43FA-86CA-BBBCE3F70902}.Debug|Any CPU.ActiveCfg = Debug|Any CPU
		{A76E5A21-BBF9-43FA-86CA-BBBCE3F70902}.Debug|Any CPU.Build.0 = Debug|Any CPU
		{A76E5A21-BBF9-43FA-86CA-BBBCE3F70902}.Release|Any CPU.ActiveCfg = Release|Any CPU
		{A76E5A21-BBF9-43FA-86CA-BBBCE3F70902}.Release|Any CPU.Build.0 = Release|Any CPU
		{F77DD473-C72E-4D7A-A142-3A73F8EED255}.Debug|Any CPU.ActiveCfg = Debug|Any CPU
		{F77DD473-C72E-4D7A-A142-3A73F8EED255}.Debug|Any CPU.Build.0 = Debug|Any CPU
		{F77DD473-C72E-4D7A-A142-3A73F8EED255}.Release|Any CPU.ActiveCfg = Release|Any CPU
		{F77DD473-C72E-4D7A-A142-3A73F8EED255}.Release|Any CPU.Build.0 = Release|Any CPU
		{298AB088-D2B0-4B6E-9F20-7F53CB2A6524}.Debug|Any CPU.ActiveCfg = Debug|Any CPU
		{298AB088-D2B0-4B6E-9F20-7F53CB2A6524}.Debug|Any CPU.Build.0 = Debug|Any CPU
		{298AB088-D2B0-4B6E-9F20-7F53CB2A6524}.Release|Any CPU.ActiveCfg = Release|Any CPU
		{298AB088-D2B0-4B6E-9F20-7F53CB2A6524}.Release|Any CPU.Build.0 = Release|Any CPU
	EndGlobalSection
	GlobalSection(SolutionProperties) = preSolution
		HideSolutionNode = FALSE
	EndGlobalSection
	GlobalSection(NestedProjects) = preSolution
		{14B1311E-4F32-42A2-8899-868CB6BEEA64} = {3D50FFA0-06A3-417D-8889-BEF5A4981390}
		{1E96FF94-1310-441A-903E-CF5DB6FFFBC6} = {E225AE2A-7286-40D6-B104-502FD6DFADBB}
		{4A54C8A1-95CD-44E3-9FFA-CEDA03A42C96} = {E225AE2A-7286-40D6-B104-502FD6DFADBB}
		{CF82EB84-0B77-41A5-A5F0-124223E49A10} = {0D0D412D-8346-4266-A979-FF8D68D1ADE9}
		{A76E5A21-BBF9-43FA-86CA-BBBCE3F70902} = {F1E53EEC-805E-4573-A04B-36773820B6BE}
		{F77DD473-C72E-4D7A-A142-3A73F8EED255} = {1E96FF94-1310-441A-903E-CF5DB6FFFBC6}
		{298AB088-D2B0-4B6E-9F20-7F53CB2A6524} = {4A54C8A1-95CD-44E3-9FFA-CEDA03A42C96}
	EndGlobalSection
	GlobalSection(ExtensibilityGlobals) = postSolution
		SolutionGuid = {47C93F23-7212-429E-B452-6494CB88543D}
	EndGlobalSection
EndGlobal
